// !$*UTF8*$!
{
	archiveVersion = 1;
	classes = {
	};
	objectVersion = 56;
	objects = {

/* Begin PBXBuildFile section */
		5A1933432BBDA3820084A50C /* dateModel.swift in Sources */ = {isa = PBXBuildFile; fileRef = 5A1933422BBDA3820084A50C /* dateModel.swift */; };
		5A1AD3282BB89A50008E4E08 /* menu1.swift in Sources */ = {isa = PBXBuildFile; fileRef = 5A1AD3272BB89A50008E4E08 /* menu1.swift */; };
		5A1AD32A2BB89B18008E4E08 /* menu2.swift in Sources */ = {isa = PBXBuildFile; fileRef = 5A1AD3292BB89B18008E4E08 /* menu2.swift */; };
		5A1AD32C2BB89CA5008E4E08 /* TagView.swift in Sources */ = {isa = PBXBuildFile; fileRef = 5A1AD32B2BB89CA5008E4E08 /* TagView.swift */; };
		5A1AD32F2BB89FEE008E4E08 /* DiaryView.swift in Sources */ = {isa = PBXBuildFile; fileRef = 5A1AD32E2BB89FEE008E4E08 /* DiaryView.swift */; };
		5A1AD3312BB8A183008E4E08 /* OdysseyView.swift in Sources */ = {isa = PBXBuildFile; fileRef = 5A1AD3302BB8A183008E4E08 /* OdysseyView.swift */; };
		5A3256502BBF20FB00FB74B5 /* PhotoPickerView.swift in Sources */ = {isa = PBXBuildFile; fileRef = 5A32564F2BBF20FB00FB74B5 /* PhotoPickerView.swift */; };
		5A3256522BBF30B900FB74B5 /* journalDataModel.swift in Sources */ = {isa = PBXBuildFile; fileRef = 5A3256512BBF30B800FB74B5 /* journalDataModel.swift */; };
		5A3256542BBF372E00FB74B5 /* DataBaseView.swift in Sources */ = {isa = PBXBuildFile; fileRef = 5A3256532BBF372E00FB74B5 /* DataBaseView.swift */; };
		5A3256562BBF3CE900FB74B5 /* EditDataView.swift in Sources */ = {isa = PBXBuildFile; fileRef = 5A3256552BBF3CE900FB74B5 /* EditDataView.swift */; };
		5A7DBECB2BB5DAD900CDDB39 /* ModelDataManager.swift in Sources */ = {isa = PBXBuildFile; fileRef = 5A7DBECA2BB5DAD900CDDB39 /* ModelDataManager.swift */; };
		5A7DBECD2BB5DAFD00CDDB39 /* navStateManager.swift in Sources */ = {isa = PBXBuildFile; fileRef = 5A7DBECC2BB5DAFD00CDDB39 /* navStateManager.swift */; };
		5A7DBED12BB5FED900CDDB39 /* settingsView.swift in Sources */ = {isa = PBXBuildFile; fileRef = 5A7DBED02BB5FED900CDDB39 /* settingsView.swift */; };
		5A80F86F2BB5D683006D7F73 /* DateView.swift in Sources */ = {isa = PBXBuildFile; fileRef = 5A80F86E2BB5D683006D7F73 /* DateView.swift */; };
		5A86F9442BB1E34A006562CC /* Odessey_of_LifeApp.swift in Sources */ = {isa = PBXBuildFile; fileRef = 5A86F9432BB1E34A006562CC /* Odessey_of_LifeApp.swift */; };
		5A86F9462BB1E34A006562CC /* ContentView.swift in Sources */ = {isa = PBXBuildFile; fileRef = 5A86F9452BB1E34A006562CC /* ContentView.swift */; };
		5A86F9482BB1E34A006562CC /* Item.swift in Sources */ = {isa = PBXBuildFile; fileRef = 5A86F9472BB1E34A006562CC /* Item.swift */; };
		5A86F94A2BB1E34D006562CC /* Assets.xcassets in Resources */ = {isa = PBXBuildFile; fileRef = 5A86F9492BB1E34D006562CC /* Assets.xcassets */; };
		5A86F94E2BB1E34D006562CC /* Preview Assets.xcassets in Resources */ = {isa = PBXBuildFile; fileRef = 5A86F94D2BB1E34D006562CC /* Preview Assets.xcassets */; };
		5A86F9552BB1E380006562CC /* SideBarView.swift in Sources */ = {isa = PBXBuildFile; fileRef = 5A86F9542BB1E380006562CC /* SideBarView.swift */; };
		5A86F95B2BB1E443006562CC /* ExclusiveView.swift in Sources */ = {isa = PBXBuildFile; fileRef = 5A86F95A2BB1E443006562CC /* ExclusiveView.swift */; };
		5A9127372BBAFC1800C83B37 /* MemoriesView.swift in Sources */ = {isa = PBXBuildFile; fileRef = 5A9127362BBAFC1800C83B37 /* MemoriesView.swift */; };
		5A91273A2BBAFCB300C83B37 /* TodayView.swift in Sources */ = {isa = PBXBuildFile; fileRef = 5A9127392BBAFCB300C83B37 /* TodayView.swift */; };
		5AA090B62BBBD51900DA7706 /* LoginView.swift in Sources */ = {isa = PBXBuildFile; fileRef = 5AA090B52BBBD51900DA7706 /* LoginView.swift */; };
		5AE215852BBC80B800B99CB1 /* entryView.swift in Sources */ = {isa = PBXBuildFile; fileRef = 5AE215842BBC80B800B99CB1 /* entryView.swift */; };
		5AF337EC2BBACCB300381A96 /* AspectsView.swift in Sources */ = {isa = PBXBuildFile; fileRef = 5AF337EB2BBACCB300381A96 /* AspectsView.swift */; };
/* End PBXBuildFile section */

/* Begin PBXFileReference section */
		5A1933422BBDA3820084A50C /* dateModel.swift */ = {isa = PBXFileReference; lastKnownFileType = sourcecode.swift; path = dateModel.swift; sourceTree = "<group>"; };
		5A1AD3272BB89A50008E4E08 /* menu1.swift */ = {isa = PBXFileReference; lastKnownFileType = sourcecode.swift; path = menu1.swift; sourceTree = "<group>"; };
		5A1AD3292BB89B18008E4E08 /* menu2.swift */ = {isa = PBXFileReference; lastKnownFileType = sourcecode.swift; path = menu2.swift; sourceTree = "<group>"; };
		5A1AD32B2BB89CA5008E4E08 /* TagView.swift */ = {isa = PBXFileReference; lastKnownFileType = sourcecode.swift; path = TagView.swift; sourceTree = "<group>"; };
		5A1AD32E2BB89FEE008E4E08 /* DiaryView.swift */ = {isa = PBXFileReference; lastKnownFileType = sourcecode.swift; path = DiaryView.swift; sourceTree = "<group>"; };
		5A1AD3302BB8A183008E4E08 /* OdysseyView.swift */ = {isa = PBXFileReference; lastKnownFileType = sourcecode.swift; path = OdysseyView.swift; sourceTree = "<group>"; };
		5A32564F2BBF20FB00FB74B5 /* PhotoPickerView.swift */ = {isa = PBXFileReference; lastKnownFileType = sourcecode.swift; path = PhotoPickerView.swift; sourceTree = "<group>"; };
		5A3256512BBF30B800FB74B5 /* journalDataModel.swift */ = {isa = PBXFileReference; lastKnownFileType = sourcecode.swift; path = journalDataModel.swift; sourceTree = "<group>"; };
		5A3256532BBF372E00FB74B5 /* DataBaseView.swift */ = {isa = PBXFileReference; lastKnownFileType = sourcecode.swift; path = DataBaseView.swift; sourceTree = "<group>"; };
		5A3256552BBF3CE900FB74B5 /* EditDataView.swift */ = {isa = PBXFileReference; lastKnownFileType = sourcecode.swift; path = EditDataView.swift; sourceTree = "<group>"; };
		5A7DBECA2BB5DAD900CDDB39 /* ModelDataManager.swift */ = {isa = PBXFileReference; lastKnownFileType = sourcecode.swift; path = ModelDataManager.swift; sourceTree = "<group>"; };
		5A7DBECC2BB5DAFD00CDDB39 /* navStateManager.swift */ = {isa = PBXFileReference; lastKnownFileType = sourcecode.swift; path = navStateManager.swift; sourceTree = "<group>"; };
		5A7DBED02BB5FED900CDDB39 /* settingsView.swift */ = {isa = PBXFileReference; lastKnownFileType = sourcecode.swift; path = settingsView.swift; sourceTree = "<group>"; };
		5A80F86E2BB5D683006D7F73 /* DateView.swift */ = {isa = PBXFileReference; lastKnownFileType = sourcecode.swift; path = DateView.swift; sourceTree = "<group>"; };
		5A86F9402BB1E34A006562CC /* Odessey-of-Life.app */ = {isa = PBXFileReference; explicitFileType = wrapper.application; includeInIndex = 0; path = "Odessey-of-Life.app"; sourceTree = BUILT_PRODUCTS_DIR; };
		5A86F9432BB1E34A006562CC /* Odessey_of_LifeApp.swift */ = {isa = PBXFileReference; lastKnownFileType = sourcecode.swift; path = Odessey_of_LifeApp.swift; sourceTree = "<group>"; };
		5A86F9452BB1E34A006562CC /* ContentView.swift */ = {isa = PBXFileReference; lastKnownFileType = sourcecode.swift; path = ContentView.swift; sourceTree = "<group>"; };
		5A86F9472BB1E34A006562CC /* Item.swift */ = {isa = PBXFileReference; lastKnownFileType = sourcecode.swift; path = Item.swift; sourceTree = "<group>"; };
		5A86F9492BB1E34D006562CC /* Assets.xcassets */ = {isa = PBXFileReference; lastKnownFileType = folder.assetcatalog; path = Assets.xcassets; sourceTree = "<group>"; };
		5A86F94B2BB1E34D006562CC /* Odessey_of_Life.entitlements */ = {isa = PBXFileReference; lastKnownFileType = text.plist.entitlements; path = Odessey_of_Life.entitlements; sourceTree = "<group>"; };
		5A86F94D2BB1E34D006562CC /* Preview Assets.xcassets */ = {isa = PBXFileReference; lastKnownFileType = folder.assetcatalog; path = "Preview Assets.xcassets"; sourceTree = "<group>"; };
		5A86F9542BB1E380006562CC /* SideBarView.swift */ = {isa = PBXFileReference; lastKnownFileType = sourcecode.swift; path = SideBarView.swift; sourceTree = "<group>"; };
		5A86F95A2BB1E443006562CC /* ExclusiveView.swift */ = {isa = PBXFileReference; lastKnownFileType = sourcecode.swift; path = ExclusiveView.swift; sourceTree = "<group>"; };
		5A9127362BBAFC1800C83B37 /* MemoriesView.swift */ = {isa = PBXFileReference; lastKnownFileType = sourcecode.swift; path = MemoriesView.swift; sourceTree = "<group>"; };
		5A9127392BBAFCB300C83B37 /* TodayView.swift */ = {isa = PBXFileReference; lastKnownFileType = sourcecode.swift; path = TodayView.swift; sourceTree = "<group>"; };
		5AA090B52BBBD51900DA7706 /* LoginView.swift */ = {isa = PBXFileReference; lastKnownFileType = sourcecode.swift; path = LoginView.swift; sourceTree = "<group>"; };
		5AE215842BBC80B800B99CB1 /* entryView.swift */ = {isa = PBXFileReference; lastKnownFileType = sourcecode.swift; path = entryView.swift; sourceTree = "<group>"; };
		5AF337EB2BBACCB300381A96 /* AspectsView.swift */ = {isa = PBXFileReference; lastKnownFileType = sourcecode.swift; path = AspectsView.swift; sourceTree = "<group>"; };
/* End PBXFileReference section */

/* Begin PBXFrameworksBuildPhase section */
		5A86F93D2BB1E34A006562CC /* Frameworks */ = {
			isa = PBXFrameworksBuildPhase;
			buildActionMask = 2147483647;
			files = (
			);
			runOnlyForDeploymentPostprocessing = 0;
		};
/* End PBXFrameworksBuildPhase section */

/* Begin PBXGroup section */
		5A1AD3222BB892B4008E4E08 /* Detail View */ = {
			isa = PBXGroup;
			children = (
				5A1AD32E2BB89FEE008E4E08 /* DiaryView.swift */,
				5A9127382BBAFC4600C83B37 /* DetailViewGroup1 */,
			);
			path = "Detail View";
			sourceTree = "<group>";
		};
		5A32564E2BBF20E300FB74B5 /* addElements */ = {
			isa = PBXGroup;
			children = (
				5A32564F2BBF20FB00FB74B5 /* PhotoPickerView.swift */,
			);
			path = addElements;
			sourceTree = "<group>";
		};
		5A37232A2BBFE86600D77945 /* TabView */ = {
			isa = PBXGroup;
			children = (
				5A80F86E2BB5D683006D7F73 /* DateView.swift */,
				5A86F95A2BB1E443006562CC /* ExclusiveView.swift */,
			);
			path = TabView;
			sourceTree = "<group>";
		};
		5A7DBEC92BB5DAC800CDDB39 /* Models */ = {
			isa = PBXGroup;
			children = (
				5A7DBECA2BB5DAD900CDDB39 /* ModelDataManager.swift */,
				5A3256512BBF30B800FB74B5 /* journalDataModel.swift */,
				5A7DBECC2BB5DAFD00CDDB39 /* navStateManager.swift */,
			);
			path = Models;
			sourceTree = "<group>";
		};
		5A86F9372BB1E34A006562CC = {
			isa = PBXGroup;
			children = (
				5A1933422BBDA3820084A50C /* dateModel.swift */,
				5A86F9422BB1E34A006562CC /* Odessey-of-Life */,
				5A86F9412BB1E34A006562CC /* Products */,
			);
			sourceTree = "<group>";
		};
		5A86F9412BB1E34A006562CC /* Products */ = {
			isa = PBXGroup;
			children = (
				5A86F9402BB1E34A006562CC /* Odessey-of-Life.app */,
			);
			name = Products;
			sourceTree = "<group>";
		};
		5A86F9422BB1E34A006562CC /* Odessey-of-Life */ = {
			isa = PBXGroup;
			children = (
				5A86F9432BB1E34A006562CC /* Odessey_of_LifeApp.swift */,
				5A3256532BBF372E00FB74B5 /* DataBaseView.swift */,
				5A3256552BBF3CE900FB74B5 /* EditDataView.swift */,
				5A86F9452BB1E34A006562CC /* ContentView.swift */,
				5A32564E2BBF20E300FB74B5 /* addElements */,
				5A7DBEC92BB5DAC800CDDB39 /* Models */,
				5A86F95C2BB1E463006562CC /* Views */,
				5A86F9472BB1E34A006562CC /* Item.swift */,
				5A86F9492BB1E34D006562CC /* Assets.xcassets */,
				5A86F94B2BB1E34D006562CC /* Odessey_of_Life.entitlements */,
				5A86F94C2BB1E34D006562CC /* Preview Content */,
			);
			path = "Odessey-of-Life";
			sourceTree = "<group>";
		};
		5A86F94C2BB1E34D006562CC /* Preview Content */ = {
			isa = PBXGroup;
			children = (
				5A86F94D2BB1E34D006562CC /* Preview Assets.xcassets */,
			);
			path = "Preview Content";
			sourceTree = "<group>";
		};
		5A86F95C2BB1E463006562CC /* Views */ = {
			isa = PBXGroup;
			children = (
				5A86F9542BB1E380006562CC /* SideBarView.swift */,
				5AD009502BC09283003F6FA1 /* sideMenues */,
				5A1AD3222BB892B4008E4E08 /* Detail View */,
				5AA090B52BBBD51900DA7706 /* LoginView.swift */,
				5A91273B2BBAFCB800C83B37 /* cluster1 */,
			);
			path = Views;
			sourceTree = "<group>";
		};
		5A9127382BBAFC4600C83B37 /* DetailViewGroup1 */ = {
			isa = PBXGroup;
			children = (
				5A1AD3302BB8A183008E4E08 /* OdysseyView.swift */,
				5A1AD32B2BB89CA5008E4E08 /* TagView.swift */,
				5A7DBED02BB5FED900CDDB39 /* settingsView.swift */,
			);
			path = DetailViewGroup1;
			sourceTree = "<group>";
		};
		5A91273B2BBAFCB800C83B37 /* cluster1 */ = {
			isa = PBXGroup;
			children = (
				5A37232A2BBFE86600D77945 /* TabView */,
				5A9127392BBAFCB300C83B37 /* TodayView.swift */,
				5AE215842BBC80B800B99CB1 /* entryView.swift */,
				5AF337EB2BBACCB300381A96 /* AspectsView.swift */,
				5A9127362BBAFC1800C83B37 /* MemoriesView.swift */,
			);
			path = cluster1;
			sourceTree = "<group>";
		};
		5AD009502BC09283003F6FA1 /* sideMenues */ = {
			isa = PBXGroup;
			children = (
				5A1AD3272BB89A50008E4E08 /* menu1.swift */,
				5A1AD3292BB89B18008E4E08 /* menu2.swift */,
			);
			path = sideMenues;
			sourceTree = "<group>";
		};
/* End PBXGroup section */

/* Begin PBXNativeTarget section */
		5A86F93F2BB1E34A006562CC /* Odessey-of-Life */ = {
			isa = PBXNativeTarget;
			buildConfigurationList = 5A86F9512BB1E34D006562CC /* Build configuration list for PBXNativeTarget "Odessey-of-Life" */;
			buildPhases = (
				5A86F93C2BB1E34A006562CC /* Sources */,
				5A86F93D2BB1E34A006562CC /* Frameworks */,
				5A86F93E2BB1E34A006562CC /* Resources */,
			);
			buildRules = (
			);
			dependencies = (
			);
			name = "Odessey-of-Life";
			productName = "Odessey-of-Life";
			productReference = 5A86F9402BB1E34A006562CC /* Odessey-of-Life.app */;
			productType = "com.apple.product-type.application";
		};
/* End PBXNativeTarget section */

/* Begin PBXProject section */
		5A86F9382BB1E34A006562CC /* Project object */ = {
			isa = PBXProject;
			attributes = {
				BuildIndependentTargetsInParallel = 1;
				LastSwiftUpdateCheck = 1530;
				LastUpgradeCheck = 1530;
				TargetAttributes = {
					5A86F93F2BB1E34A006562CC = {
						CreatedOnToolsVersion = 15.3;
					};
				};
			};
			buildConfigurationList = 5A86F93B2BB1E34A006562CC /* Build configuration list for PBXProject "Odessey-of-Life" */;
			compatibilityVersion = "Xcode 14.0";
			developmentRegion = en;
			hasScannedForEncodings = 0;
			knownRegions = (
				en,
				Base,
			);
			mainGroup = 5A86F9372BB1E34A006562CC;
			productRefGroup = 5A86F9412BB1E34A006562CC /* Products */;
			projectDirPath = "";
			projectRoot = "";
			targets = (
				5A86F93F2BB1E34A006562CC /* Odessey-of-Life */,
			);
		};
/* End PBXProject section */

/* Begin PBXResourcesBuildPhase section */
		5A86F93E2BB1E34A006562CC /* Resources */ = {
			isa = PBXResourcesBuildPhase;
			buildActionMask = 2147483647;
			files = (
				5A86F94E2BB1E34D006562CC /* Preview Assets.xcassets in Resources */,
				5A86F94A2BB1E34D006562CC /* Assets.xcassets in Resources */,
			);
			runOnlyForDeploymentPostprocessing = 0;
		};
/* End PBXResourcesBuildPhase section */

/* Begin PBXSourcesBuildPhase section */
		5A86F93C2BB1E34A006562CC /* Sources */ = {
			isa = PBXSourcesBuildPhase;
			buildActionMask = 2147483647;
			files = (
				5A1AD32C2BB89CA5008E4E08 /* TagView.swift in Sources */,
				5A9127372BBAFC1800C83B37 /* MemoriesView.swift in Sources */,
				5A3256542BBF372E00FB74B5 /* DataBaseView.swift in Sources */,
				5A7DBECD2BB5DAFD00CDDB39 /* navStateManager.swift in Sources */,
				5A91273A2BBAFCB300C83B37 /* TodayView.swift in Sources */,
				5A80F86F2BB5D683006D7F73 /* DateView.swift in Sources */,
				5A86F9462BB1E34A006562CC /* ContentView.swift in Sources */,
				5A1AD32F2BB89FEE008E4E08 /* DiaryView.swift in Sources */,
				5A3256562BBF3CE900FB74B5 /* EditDataView.swift in Sources */,
				5A86F9482BB1E34A006562CC /* Item.swift in Sources */,
				5A1933432BBDA3820084A50C /* dateModel.swift in Sources */,
				5A86F9552BB1E380006562CC /* SideBarView.swift in Sources */,
				5A1AD3282BB89A50008E4E08 /* menu1.swift in Sources */,
				5A3256522BBF30B900FB74B5 /* journalDataModel.swift in Sources */,
				5AE215852BBC80B800B99CB1 /* entryView.swift in Sources */,
				5A86F95B2BB1E443006562CC /* ExclusiveView.swift in Sources */,
				5AF337EC2BBACCB300381A96 /* AspectsView.swift in Sources */,
				5A7DBED12BB5FED900CDDB39 /* settingsView.swift in Sources */,
				5A1AD3312BB8A183008E4E08 /* OdysseyView.swift in Sources */,
				5A86F9442BB1E34A006562CC /* Odessey_of_LifeApp.swift in Sources */,
				5AA090B62BBBD51900DA7706 /* LoginView.swift in Sources */,
				5A3256502BBF20FB00FB74B5 /* PhotoPickerView.swift in Sources */,
				5A1AD32A2BB89B18008E4E08 /* menu2.swift in Sources */,
				5A7DBECB2BB5DAD900CDDB39 /* ModelDataManager.swift in Sources */,
			);
			runOnlyForDeploymentPostprocessing = 0;
		};
/* End PBXSourcesBuildPhase section */

/* Begin XCBuildConfiguration section */
		5A86F94F2BB1E34D006562CC /* Debug */ = {
			isa = XCBuildConfiguration;
			buildSettings = {
				ALWAYS_SEARCH_USER_PATHS = NO;
				ASSETCATALOG_COMPILER_GENERATE_SWIFT_ASSET_SYMBOL_EXTENSIONS = YES;
				CLANG_ANALYZER_NONNULL = YES;
				CLANG_ANALYZER_NUMBER_OBJECT_CONVERSION = YES_AGGRESSIVE;
				CLANG_CXX_LANGUAGE_STANDARD = "gnu++20";
				CLANG_ENABLE_MODULES = YES;
				CLANG_ENABLE_OBJC_ARC = YES;
				CLANG_ENABLE_OBJC_WEAK = YES;
				CLANG_WARN_BLOCK_CAPTURE_AUTORELEASING = YES;
				CLANG_WARN_BOOL_CONVERSION = YES;
				CLANG_WARN_COMMA = YES;
				CLANG_WARN_CONSTANT_CONVERSION = YES;
				CLANG_WARN_DEPRECATED_OBJC_IMPLEMENTATIONS = YES;
				CLANG_WARN_DIRECT_OBJC_ISA_USAGE = YES_ERROR;
				CLANG_WARN_DOCUMENTATION_COMMENTS = YES;
				CLANG_WARN_EMPTY_BODY = YES;
				CLANG_WARN_ENUM_CONVERSION = YES;
				CLANG_WARN_INFINITE_RECURSION = YES;
				CLANG_WARN_INT_CONVERSION = YES;
				CLANG_WARN_NON_LITERAL_NULL_CONVERSION = YES;
				CLANG_WARN_OBJC_IMPLICIT_RETAIN_SELF = YES;
				CLANG_WARN_OBJC_LITERAL_CONVERSION = YES;
				CLANG_WARN_OBJC_ROOT_CLASS = YES_ERROR;
				CLANG_WARN_QUOTED_INCLUDE_IN_FRAMEWORK_HEADER = YES;
				CLANG_WARN_RANGE_LOOP_ANALYSIS = YES;
				CLANG_WARN_STRICT_PROTOTYPES = YES;
				CLANG_WARN_SUSPICIOUS_MOVE = YES;
				CLANG_WARN_UNGUARDED_AVAILABILITY = YES_AGGRESSIVE;
				CLANG_WARN_UNREACHABLE_CODE = YES;
				CLANG_WARN__DUPLICATE_METHOD_MATCH = YES;
				COPY_PHASE_STRIP = NO;
				DEBUG_INFORMATION_FORMAT = dwarf;
				ENABLE_STRICT_OBJC_MSGSEND = YES;
				ENABLE_TESTABILITY = YES;
				ENABLE_USER_SCRIPT_SANDBOXING = YES;
				GCC_C_LANGUAGE_STANDARD = gnu17;
				GCC_DYNAMIC_NO_PIC = NO;
				GCC_NO_COMMON_BLOCKS = YES;
				GCC_OPTIMIZATION_LEVEL = 0;
				GCC_PREPROCESSOR_DEFINITIONS = (
					"DEBUG=1",
					"$(inherited)",
				);
				GCC_WARN_64_TO_32_BIT_CONVERSION = YES;
				GCC_WARN_ABOUT_RETURN_TYPE = YES_ERROR;
				GCC_WARN_UNDECLARED_SELECTOR = YES;
				GCC_WARN_UNINITIALIZED_AUTOS = YES_AGGRESSIVE;
				GCC_WARN_UNUSED_FUNCTION = YES;
				GCC_WARN_UNUSED_VARIABLE = YES;
				LOCALIZATION_PREFERS_STRING_CATALOGS = YES;
				MTL_ENABLE_DEBUG_INFO = INCLUDE_SOURCE;
				MTL_FAST_MATH = YES;
				ONLY_ACTIVE_ARCH = YES;
				SWIFT_ACTIVE_COMPILATION_CONDITIONS = "DEBUG $(inherited)";
				SWIFT_OPTIMIZATION_LEVEL = "-Onone";
			};
			name = Debug;
		};
		5A86F9502BB1E34D006562CC /* Release */ = {
			isa = XCBuildConfiguration;
			buildSettings = {
				ALWAYS_SEARCH_USER_PATHS = NO;
				ASSETCATALOG_COMPILER_GENERATE_SWIFT_ASSET_SYMBOL_EXTENSIONS = YES;
				CLANG_ANALYZER_NONNULL = YES;
				CLANG_ANALYZER_NUMBER_OBJECT_CONVERSION = YES_AGGRESSIVE;
				CLANG_CXX_LANGUAGE_STANDARD = "gnu++20";
				CLANG_ENABLE_MODULES = YES;
				CLANG_ENABLE_OBJC_ARC = YES;
				CLANG_ENABLE_OBJC_WEAK = YES;
				CLANG_WARN_BLOCK_CAPTURE_AUTORELEASING = YES;
				CLANG_WARN_BOOL_CONVERSION = YES;
				CLANG_WARN_COMMA = YES;
				CLANG_WARN_CONSTANT_CONVERSION = YES;
				CLANG_WARN_DEPRECATED_OBJC_IMPLEMENTATIONS = YES;
				CLANG_WARN_DIRECT_OBJC_ISA_USAGE = YES_ERROR;
				CLANG_WARN_DOCUMENTATION_COMMENTS = YES;
				CLANG_WARN_EMPTY_BODY = YES;
				CLANG_WARN_ENUM_CONVERSION = YES;
				CLANG_WARN_INFINITE_RECURSION = YES;
				CLANG_WARN_INT_CONVERSION = YES;
				CLANG_WARN_NON_LITERAL_NULL_CONVERSION = YES;
				CLANG_WARN_OBJC_IMPLICIT_RETAIN_SELF = YES;
				CLANG_WARN_OBJC_LITERAL_CONVERSION = YES;
				CLANG_WARN_OBJC_ROOT_CLASS = YES_ERROR;
				CLANG_WARN_QUOTED_INCLUDE_IN_FRAMEWORK_HEADER = YES;
				CLANG_WARN_RANGE_LOOP_ANALYSIS = YES;
				CLANG_WARN_STRICT_PROTOTYPES = YES;
				CLANG_WARN_SUSPICIOUS_MOVE = YES;
				CLANG_WARN_UNGUARDED_AVAILABILITY = YES_AGGRESSIVE;
				CLANG_WARN_UNREACHABLE_CODE = YES;
				CLANG_WARN__DUPLICATE_METHOD_MATCH = YES;
				COPY_PHASE_STRIP = NO;
				DEBUG_INFORMATION_FORMAT = "dwarf-with-dsym";
				ENABLE_NS_ASSERTIONS = NO;
				ENABLE_STRICT_OBJC_MSGSEND = YES;
				ENABLE_USER_SCRIPT_SANDBOXING = YES;
				GCC_C_LANGUAGE_STANDARD = gnu17;
				GCC_NO_COMMON_BLOCKS = YES;
				GCC_WARN_64_TO_32_BIT_CONVERSION = YES;
				GCC_WARN_ABOUT_RETURN_TYPE = YES_ERROR;
				GCC_WARN_UNDECLARED_SELECTOR = YES;
				GCC_WARN_UNINITIALIZED_AUTOS = YES_AGGRESSIVE;
				GCC_WARN_UNUSED_FUNCTION = YES;
				GCC_WARN_UNUSED_VARIABLE = YES;
				LOCALIZATION_PREFERS_STRING_CATALOGS = YES;
				MTL_ENABLE_DEBUG_INFO = NO;
				MTL_FAST_MATH = YES;
				SWIFT_COMPILATION_MODE = wholemodule;
			};
			name = Release;
		};
		5A86F9522BB1E34D006562CC /* Debug */ = {
			isa = XCBuildConfiguration;
			buildSettings = {
				ASSETCATALOG_COMPILER_APPICON_NAME = AppIcon;
				ASSETCATALOG_COMPILER_GLOBAL_ACCENT_COLOR_NAME = AccentColor;
				CODE_SIGN_ENTITLEMENTS = "Odessey-of-Life/Odessey_of_Life.entitlements";
				CODE_SIGN_STYLE = Automatic;
				CURRENT_PROJECT_VERSION = 1;
				DEVELOPMENT_ASSET_PATHS = "\"Odessey-of-Life/Preview Content\"";
				DEVELOPMENT_TEAM = 9HJJXRUQS8;
				ENABLE_HARDENED_RUNTIME = YES;
				ENABLE_PREVIEWS = YES;
				GENERATE_INFOPLIST_FILE = YES;
				"INFOPLIST_KEY_UIApplicationSceneManifest_Generation[sdk=iphoneos*]" = YES;
				"INFOPLIST_KEY_UIApplicationSceneManifest_Generation[sdk=iphonesimulator*]" = YES;
				"INFOPLIST_KEY_UIApplicationSupportsIndirectInputEvents[sdk=iphoneos*]" = YES;
				"INFOPLIST_KEY_UIApplicationSupportsIndirectInputEvents[sdk=iphonesimulator*]" = YES;
				"INFOPLIST_KEY_UILaunchScreen_Generation[sdk=iphoneos*]" = YES;
				"INFOPLIST_KEY_UILaunchScreen_Generation[sdk=iphonesimulator*]" = YES;
				"INFOPLIST_KEY_UIStatusBarStyle[sdk=iphoneos*]" = UIStatusBarStyleDefault;
				"INFOPLIST_KEY_UIStatusBarStyle[sdk=iphonesimulator*]" = UIStatusBarStyleDefault;
				INFOPLIST_KEY_UISupportedInterfaceOrientations_iPad = "UIInterfaceOrientationPortrait UIInterfaceOrientationPortraitUpsideDown UIInterfaceOrientationLandscapeLeft UIInterfaceOrientationLandscapeRight";
				INFOPLIST_KEY_UISupportedInterfaceOrientations_iPhone = "UIInterfaceOrientationPortrait UIInterfaceOrientationLandscapeLeft UIInterfaceOrientationLandscapeRight";
				IPHONEOS_DEPLOYMENT_TARGET = 17.4;
				LD_RUNPATH_SEARCH_PATHS = "@executable_path/Frameworks";
				"LD_RUNPATH_SEARCH_PATHS[sdk=macosx*]" = "@executable_path/../Frameworks";
				MACOSX_DEPLOYMENT_TARGET = 14.0;
				MARKETING_VERSION = 1.0;
				PRODUCT_BUNDLE_IDENTIFIER = "TheBrokenStudios.Odessey-of-Life";
				PRODUCT_NAME = "$(TARGET_NAME)";
				SDKROOT = auto;
				SUPPORTED_PLATFORMS = "iphoneos iphonesimulator macosx";
				SWIFT_EMIT_LOC_STRINGS = YES;
				SWIFT_VERSION = 5.0;
				TARGETED_DEVICE_FAMILY = "1,2";
			};
			name = Debug;
		};
		5A86F9532BB1E34D006562CC /* Release */ = {
			isa = XCBuildConfiguration;
			buildSettings = {
				ASSETCATALOG_COMPILER_APPICON_NAME = AppIcon;
				ASSETCATALOG_COMPILER_GLOBAL_ACCENT_COLOR_NAME = AccentColor;
				CODE_SIGN_ENTITLEMENTS = "Odessey-of-Life/Odessey_of_Life.entitlements";
				CODE_SIGN_STYLE = Automatic;
				CURRENT_PROJECT_VERSION = 1;
				DEVELOPMENT_ASSET_PATHS = "\"Odessey-of-Life/Preview Content\"";
				DEVELOPMENT_TEAM = 9HJJXRUQS8;
				ENABLE_HARDENED_RUNTIME = YES;
				ENABLE_PREVIEWS = YES;
				GENERATE_INFOPLIST_FILE = YES;
				"INFOPLIST_KEY_UIApplicationSceneManifest_Generation[sdk=iphoneos*]" = YES;
				"INFOPLIST_KEY_UIApplicationSceneManifest_Generation[sdk=iphonesimulator*]" = YES;
				"INFOPLIST_KEY_UIApplicationSupportsIndirectInputEvents[sdk=iphoneos*]" = YES;
				"INFOPLIST_KEY_UIApplicationSupportsIndirectInputEvents[sdk=iphonesimulator*]" = YES;
				"INFOPLIST_KEY_UILaunchScreen_Generation[sdk=iphoneos*]" = YES;
				"INFOPLIST_KEY_UILaunchScreen_Generation[sdk=iphonesimulator*]" = YES;
				"INFOPLIST_KEY_UIStatusBarStyle[sdk=iphoneos*]" = UIStatusBarStyleDefault;
				"INFOPLIST_KEY_UIStatusBarStyle[sdk=iphonesimulator*]" = UIStatusBarStyleDefault;
				INFOPLIST_KEY_UISupportedInterfaceOrientations_iPad = "UIInterfaceOrientationPortrait UIInterfaceOrientationPortraitUpsideDown UIInterfaceOrientationLandscapeLeft UIInterfaceOrientationLandscapeRight";
				INFOPLIST_KEY_UISupportedInterfaceOrientations_iPhone = "UIInterfaceOrientationPortrait UIInterfaceOrientationLandscapeLeft UIInterfaceOrientationLandscapeRight";
				IPHONEOS_DEPLOYMENT_TARGET = 17.4;
				LD_RUNPATH_SEARCH_PATHS = "@executable_path/Frameworks";
				"LD_RUNPATH_SEARCH_PATHS[sdk=macosx*]" = "@executable_path/../Frameworks";
				MACOSX_DEPLOYMENT_TARGET = 14.0;
				MARKETING_VERSION = 1.0;
				PRODUCT_BUNDLE_IDENTIFIER = "TheBrokenStudios.Odessey-of-Life";
				PRODUCT_NAME = "$(TARGET_NAME)";
				SDKROOT = auto;
				SUPPORTED_PLATFORMS = "iphoneos iphonesimulator macosx";
				SWIFT_EMIT_LOC_STRINGS = YES;
				SWIFT_VERSION = 5.0;
				TARGETED_DEVICE_FAMILY = "1,2";
			};
			name = Release;
		};
/* End XCBuildConfiguration section */

/* Begin XCConfigurationList section */
		5A86F93B2BB1E34A006562CC /* Build configuration list for PBXProject "Odessey-of-Life" */ = {
			isa = XCConfigurationList;
			buildConfigurations = (
				5A86F94F2BB1E34D006562CC /* Debug */,
				5A86F9502BB1E34D006562CC /* Release */,
			);
			defaultConfigurationIsVisible = 0;
			defaultConfigurationName = Release;
		};
		5A86F9512BB1E34D006562CC /* Build configuration list for PBXNativeTarget "Odessey-of-Life" */ = {
			isa = XCConfigurationList;
			buildConfigurations = (
				5A86F9522BB1E34D006562CC /* Debug */,
				5A86F9532BB1E34D006562CC /* Release */,
			);
			defaultConfigurationIsVisible = 0;
			defaultConfigurationName = Release;
		};
/* End XCConfigurationList section */
	};
	rootObject = 5A86F9382BB1E34A006562CC /* Project object */;
}
